
Microsoft Visual Studio Solution File, Format Version 12.00
# Visual Studio 15
VisualStudioVersion = 15.0.27428.2005
MinimumVisualStudioVersion = 10.0.40219.1
Project("{FAE04EC0-301F-11D3-BF4B-00C04F79EFBC}") = "DataclassAnyTask", "DataclassAnyTask\DataclassAnyTask.csproj", "{D64DD2D4-00C5-485E-B9C4-794A9405E688}"
EndProject
Global
	GlobalSection(SolutionConfigurationPlatforms) = preSolution
		Debug|Any CPU = Debug|Any CPU
		Release|Any CPU = Release|Any CPU
	EndGlobalSection
	GlobalSection(ProjectConfigurationPlatforms) = postSolution
		{D64DD2D4-00C5-485E-B9C4-794A9405E688}.Debug|Any CPU.ActiveCfg = Debug|Any CPU
		{D64DD2D4-00C5-485E-B9C4-794A9405E688}.Debug|Any CPU.Build.0 = Debug|Any CPU
		{D64DD2D4-00C5-485E-B9C4-794A9405E688}.Release|Any CPU.ActiveCfg = Release|Any CPU
		{D64DD2D4-00C5-485E-B9C4-794A9405E688}.Release|Any CPU.Build.0 = Release|Any CPU
	EndGlobalSection
	GlobalSection(SolutionProperties) = preSolution
		HideSolutionNode = FALSE
	EndGlobalSection
	GlobalSection(ExtensibilityGlobals) = postSolution
		SolutionGuid = {3A22084F-9313-4E95-99C0-AB2A9673DB15}
	EndGlobalSection
EndGlobal
